
Microsoft Visual Studio Solution File, Format Version 12.00
# Visual Studio 15
VisualStudioVersion = 15.0.28307.779
MinimumVisualStudioVersion = 10.0.40219.1
Project("{2150E333-8FDC-42A3-9474-1A3956D46DE8}") = "Solution Items", "Solution Items", "{7F315BE4-3B09-48C4-98FF-DD5484C73588}"
	ProjectSection(SolutionItems) = preProject
		JSSlideShow01.html = JSSlideShow01.html
		JSSlideShow02.html = JSSlideShow02.html
		JSSlideShow03.html = JSSlideShow03.html
		JSSlideShow04.html = JSSlideShow04.html
		JSSlideShow05.html = JSSlideShow05.html
	EndProjectSection
EndProject
Global
	GlobalSection(SolutionProperties) = preSolution
		HideSolutionNode = FALSE
	EndGlobalSection
	GlobalSection(ExtensibilityGlobals) = postSolution
		SolutionGuid = {E0FF40CF-5231-47C7-B4EA-B3281CE6D50D}
	EndGlobalSection
EndGlobal
